
Microsoft Visual Studio Solution File, Format Version 12.00
# Visual Studio Version 17
VisualStudioVersion = 17.9.34728.123
MinimumVisualStudioVersion = 10.0.40219.1
Project("{FAE04EC0-301F-11D3-BF4B-00C04F79EFBC}") = "BP_API", "BP_API\BP_API.csproj", "{1A5DBA7B-48AB-4004-BCD5-9AB7CDADFD33}"
EndProject
Global
	GlobalSection(SolutionConfigurationPlatforms) = preSolution
		Debug|Any CPU = Debug|Any CPU
		Release|Any CPU = Release|Any CPU
	EndGlobalSection
	GlobalSection(ProjectConfigurationPlatforms) = postSolution
		{1A5DBA7B-48AB-4004-BCD5-9AB7CDADFD33}.Debug|Any CPU.ActiveCfg = Debug|Any CPU
		{1A5DBA7B-48AB-4004-BCD5-9AB7CDADFD33}.Debug|Any CPU.Build.0 = Debug|Any CPU
		{1A5DBA7B-48AB-4004-BCD5-9AB7CDADFD33}.Release|Any CPU.ActiveCfg = Release|Any CPU
		{1A5DBA7B-48AB-4004-BCD5-9AB7CDADFD33}.Release|Any CPU.Build.0 = Release|Any CPU
	EndGlobalSection
	GlobalSection(SolutionProperties) = preSolution
		HideSolutionNode = FALSE
	EndGlobalSection
	GlobalSection(ExtensibilityGlobals) = postSolution
		SolutionGuid = {DB0554D4-1A6A-49ED-9029-64708A7E33E7}
	EndGlobalSection
EndGlobal
